
Microsoft Visual Studio Solution File, Format Version 12.00
# Visual Studio 15
VisualStudioVersion = 15.0.26124.0
MinimumVisualStudioVersion = 15.0.26124.0
Project("{2150E333-8FDC-42A3-9474-1A3956D46DE8}") = "source", "source", "{29821818-FE38-42A7-BFDB-919FDE2CD2F8}"
EndProject
Project("{FAE04EC0-301F-11D3-BF4B-00C04F79EFBC}") = "TodoList.ConsoleApp", "source\TodoList.ConsoleApp\TodoList.ConsoleApp.csproj", "{96C25576-F135-4E24-B791-2C311335760C}"
EndProject
Project("{FAE04EC0-301F-11D3-BF4B-00C04F79EFBC}") = "TodoList.Core", "source\TodoList.Core\TodoList.Core.csproj", "{9E764B08-4575-4217-A3F6-4A2818B0A0D7}"
EndProject
Project("{2150E333-8FDC-42A3-9474-1A3956D46DE8}") = "tests", "tests", "{FC5F711A-336E-4310-84D2-5FEAE78F07CF}"
EndProject
Project("{FAE04EC0-301F-11D3-BF4B-00C04F79EFBC}") = "TodoList.UnitTests", "tests\TodoList.UnitTests\TodoList.UnitTests.csproj", "{1BFF8D6F-9A81-47C2-85C0-3208C09A6490}"
EndProject
Global
	GlobalSection(SolutionConfigurationPlatforms) = preSolution
		Debug|Any CPU = Debug|Any CPU
		Debug|x64 = Debug|x64
		Debug|x86 = Debug|x86
		Release|Any CPU = Release|Any CPU
		Release|x64 = Release|x64
		Release|x86 = Release|x86
	EndGlobalSection
	GlobalSection(SolutionProperties) = preSolution
		HideSolutionNode = FALSE
	EndGlobalSection
	GlobalSection(ProjectConfigurationPlatforms) = postSolution
		{96C25576-F135-4E24-B791-2C311335760C}.Debug|Any CPU.ActiveCfg = Debug|Any CPU
		{96C25576-F135-4E24-B791-2C311335760C}.Debug|Any CPU.Build.0 = Debug|Any CPU
		{96C25576-F135-4E24-B791-2C311335760C}.Debug|x64.ActiveCfg = Debug|Any CPU
		{96C25576-F135-4E24-B791-2C311335760C}.Debug|x64.Build.0 = Debug|Any CPU
		{96C25576-F135-4E24-B791-2C311335760C}.Debug|x86.ActiveCfg = Debug|Any CPU
		{96C25576-F135-4E24-B791-2C311335760C}.Debug|x86.Build.0 = Debug|Any CPU
		{96C25576-F135-4E24-B791-2C311335760C}.Release|Any CPU.ActiveCfg = Release|Any CPU
		{96C25576-F135-4E24-B791-2C311335760C}.Release|Any CPU.Build.0 = Release|Any CPU
		{96C25576-F135-4E24-B791-2C311335760C}.Release|x64.ActiveCfg = Release|Any CPU
		{96C25576-F135-4E24-B791-2C311335760C}.Release|x64.Build.0 = Release|Any CPU
		{96C25576-F135-4E24-B791-2C311335760C}.Release|x86.ActiveCfg = Release|Any CPU
		{96C25576-F135-4E24-B791-2C311335760C}.Release|x86.Build.0 = Release|Any CPU
		{9E764B08-4575-4217-A3F6-4A2818B0A0D7}.Debug|Any CPU.ActiveCfg = Debug|Any CPU
		{9E764B08-4575-4217-A3F6-4A2818B0A0D7}.Debug|Any CPU.Build.0 = Debug|Any CPU
		{9E764B08-4575-4217-A3F6-4A2818B0A0D7}.Debug|x64.ActiveCfg = Debug|Any CPU
		{9E764B08-4575-4217-A3F6-4A2818B0A0D7}.Debug|x64.Build.0 = Debug|Any CPU
		{9E764B08-4575-4217-A3F6-4A2818B0A0D7}.Debug|x86.ActiveCfg = Debug|Any CPU
		{9E764B08-4575-4217-A3F6-4A2818B0A0D7}.Debug|x86.Build.0 = Debug|Any CPU
		{9E764B08-4575-4217-A3F6-4A2818B0A0D7}.Release|Any CPU.ActiveCfg = Release|Any CPU
		{9E764B08-4575-4217-A3F6-4A2818B0A0D7}.Release|Any CPU.Build.0 = Release|Any CPU
		{9E764B08-4575-4217-A3F6-4A2818B0A0D7}.Release|x64.ActiveCfg = Release|Any CPU
		{9E764B08-4575-4217-A3F6-4A2818B0A0D7}.Release|x64.Build.0 = Release|Any CPU
		{9E764B08-4575-4217-A3F6-4A2818B0A0D7}.Release|x86.ActiveCfg = Release|Any CPU
		{9E764B08-4575-4217-A3F6-4A2818B0A0D7}.Release|x86.Build.0 = Release|Any CPU
		{1BFF8D6F-9A81-47C2-85C0-3208C09A6490}.Debug|Any CPU.ActiveCfg = Debug|Any CPU
		{1BFF8D6F-9A81-47C2-85C0-3208C09A6490}.Debug|Any CPU.Build.0 = Debug|Any CPU
		{1BFF8D6F-9A81-47C2-85C0-3208C09A6490}.Debug|x64.ActiveCfg = Debug|Any CPU
		{1BFF8D6F-9A81-47C2-85C0-3208C09A6490}.Debug|x64.Build.0 = Debug|Any CPU
		{1BFF8D6F-9A81-47C2-85C0-3208C09A6490}.Debug|x86.ActiveCfg = Debug|Any CPU
		{1BFF8D6F-9A81-47C2-85C0-3208C09A6490}.Debug|x86.Build.0 = Debug|Any CPU
		{1BFF8D6F-9A81-47C2-85C0-3208C09A6490}.Release|Any CPU.ActiveCfg = Release|Any CPU
		{1BFF8D6F-9A81-47C2-85C0-3208C09A6490}.Release|Any CPU.Build.0 = Release|Any CPU
		{1BFF8D6F-9A81-47C2-85C0-3208C09A6490}.Release|x64.ActiveCfg = Release|Any CPU
		{1BFF8D6F-9A81-47C2-85C0-3208C09A6490}.Release|x64.Build.0 = Release|Any CPU
		{1BFF8D6F-9A81-47C2-85C0-3208C09A6490}.Release|x86.ActiveCfg = Release|Any CPU
		{1BFF8D6F-9A81-47C2-85C0-3208C09A6490}.Release|x86.Build.0 = Release|Any CPU
	EndGlobalSection
	GlobalSection(NestedProjects) = preSolution
		{96C25576-F135-4E24-B791-2C311335760C} = {29821818-FE38-42A7-BFDB-919FDE2CD2F8}
		{9E764B08-4575-4217-A3F6-4A2818B0A0D7} = {29821818-FE38-42A7-BFDB-919FDE2CD2F8}
		{1BFF8D6F-9A81-47C2-85C0-3208C09A6490} = {FC5F711A-336E-4310-84D2-5FEAE78F07CF}
	EndGlobalSection
EndGlobal
